
Microsoft Visual Studio Solution File, Format Version 12.00
# Visual Studio Version 16
VisualStudioVersion = 16.0.31624.102
MinimumVisualStudioVersion = 10.0.40219.1
Project("{FAE04EC0-301F-11D3-BF4B-00C04F79EFBC}") = "GUI", "GradingSystemProject\GUI.csproj", "{CCF5EAEC-A341-40D5-B97A-BBFBE4887BED}"
EndProject
Project("{FAE04EC0-301F-11D3-BF4B-00C04F79EFBC}") = "BAL", "BAL\BAL.csproj", "{60ED2832-0F75-4241-9B80-A1724B56C1DE}"
EndProject
Project("{FAE04EC0-301F-11D3-BF4B-00C04F79EFBC}") = "DTO", "DTO\DTO.csproj", "{7D859620-2A87-4F87-93C0-9F2F2AF40340}"
EndProject
Project("{FAE04EC0-301F-11D3-BF4B-00C04F79EFBC}") = "DLL", "DLL\DLL.csproj", "{128280E8-4FAA-4868-9E62-4B30A0756B8C}"
EndProject
Global
	GlobalSection(SolutionConfigurationPlatforms) = preSolution
		Debug|Any CPU = Debug|Any CPU
		Release|Any CPU = Release|Any CPU
	EndGlobalSection
	GlobalSection(ProjectConfigurationPlatforms) = postSolution
		{CCF5EAEC-A341-40D5-B97A-BBFBE4887BED}.Debug|Any CPU.ActiveCfg = Debug|Any CPU
		{CCF5EAEC-A341-40D5-B97A-BBFBE4887BED}.Debug|Any CPU.Build.0 = Debug|Any CPU
		{CCF5EAEC-A341-40D5-B97A-BBFBE4887BED}.Release|Any CPU.ActiveCfg = Release|Any CPU
		{CCF5EAEC-A341-40D5-B97A-BBFBE4887BED}.Release|Any CPU.Build.0 = Release|Any CPU
		{60ED2832-0F75-4241-9B80-A1724B56C1DE}.Debug|Any CPU.ActiveCfg = Debug|Any CPU
		{60ED2832-0F75-4241-9B80-A1724B56C1DE}.Debug|Any CPU.Build.0 = Debug|Any CPU
		{60ED2832-0F75-4241-9B80-A1724B56C1DE}.Release|Any CPU.ActiveCfg = Release|Any CPU
		{60ED2832-0F75-4241-9B80-A1724B56C1DE}.Release|Any CPU.Build.0 = Release|Any CPU
		{7D859620-2A87-4F87-93C0-9F2F2AF40340}.Debug|Any CPU.ActiveCfg = Debug|Any CPU
		{7D859620-2A87-4F87-93C0-9F2F2AF40340}.Debug|Any CPU.Build.0 = Debug|Any CPU
		{7D859620-2A87-4F87-93C0-9F2F2AF40340}.Release|Any CPU.ActiveCfg = Release|Any CPU
		{7D859620-2A87-4F87-93C0-9F2F2AF40340}.Release|Any CPU.Build.0 = Release|Any CPU
		{128280E8-4FAA-4868-9E62-4B30A0756B8C}.Debug|Any CPU.ActiveCfg = Debug|Any CPU
		{128280E8-4FAA-4868-9E62-4B30A0756B8C}.Debug|Any CPU.Build.0 = Debug|Any CPU
		{128280E8-4FAA-4868-9E62-4B30A0756B8C}.Release|Any CPU.ActiveCfg = Release|Any CPU
		{128280E8-4FAA-4868-9E62-4B30A0756B8C}.Release|Any CPU.Build.0 = Release|Any CPU
	EndGlobalSection
	GlobalSection(SolutionProperties) = preSolution
		HideSolutionNode = FALSE
	EndGlobalSection
	GlobalSection(ExtensibilityGlobals) = postSolution
		SolutionGuid = {57F29B93-CAAF-4A9C-92BE-1B76A2A3FAD5}
	EndGlobalSection
EndGlobal
